
Microsoft Visual Studio Solution File, Format Version 12.00
# Visual Studio Version 16
VisualStudioVersion = 16.0.30413.136
MinimumVisualStudioVersion = 10.0.40219.1
Project("{F184B08F-C81C-45F6-A57F-5ABD9991F28F}") = "Mikhails_Helper_Tool_V1", "Mikhails_Helper_Tool_V1\Mikhails_Helper_Tool_V1.vbproj", "{653D2E3B-D130-4459-87B0-80662AD4B389}"
EndProject
Global
	GlobalSection(SolutionConfigurationPlatforms) = preSolution
		Debug|Any CPU = Debug|Any CPU
		Release|Any CPU = Release|Any CPU
	EndGlobalSection
	GlobalSection(ProjectConfigurationPlatforms) = postSolution
		{653D2E3B-D130-4459-87B0-80662AD4B389}.Debug|Any CPU.ActiveCfg = Debug|Any CPU
		{653D2E3B-D130-4459-87B0-80662AD4B389}.Debug|Any CPU.Build.0 = Debug|Any CPU
		{653D2E3B-D130-4459-87B0-80662AD4B389}.Release|Any CPU.ActiveCfg = Release|Any CPU
		{653D2E3B-D130-4459-87B0-80662AD4B389}.Release|Any CPU.Build.0 = Release|Any CPU
	EndGlobalSection
	GlobalSection(SolutionProperties) = preSolution
		HideSolutionNode = FALSE
	EndGlobalSection
	GlobalSection(ExtensibilityGlobals) = postSolution
		SolutionGuid = {3D8C8799-B1D7-42B2-972A-A8BB5CC8E1B1}
	EndGlobalSection
EndGlobal
